
Microsoft Visual Studio Solution File, Format Version 12.00
# Visual Studio 15
VisualStudioVersion = 15.0.28307.421
MinimumVisualStudioVersion = 10.0.40219.1
Project("{FAE04EC0-301F-11D3-BF4B-00C04F79EFBC}") = "LightControllerRestService", "LightControllerRestService\LightControllerRestService.csproj", "{C3C5D549-B156-42AB-815D-7B340A22D8CB}"
EndProject
Project("{FAE04EC0-301F-11D3-BF4B-00C04F79EFBC}") = "LightControllerReceiver", "LightControllerReceiver\LightControllerReceiver.csproj", "{1331D710-B4F1-45CF-A2AE-18931A33CC67}"
	ProjectSection(ProjectDependencies) = postProject
		{C3C5D549-B156-42AB-815D-7B340A22D8CB} = {C3C5D549-B156-42AB-815D-7B340A22D8CB}
	EndProjectSection
EndProject
Global
	GlobalSection(SolutionConfigurationPlatforms) = preSolution
		Debug|Any CPU = Debug|Any CPU
		Release|Any CPU = Release|Any CPU
	EndGlobalSection
	GlobalSection(ProjectConfigurationPlatforms) = postSolution
		{C3C5D549-B156-42AB-815D-7B340A22D8CB}.Debug|Any CPU.ActiveCfg = Debug|Any CPU
		{C3C5D549-B156-42AB-815D-7B340A22D8CB}.Debug|Any CPU.Build.0 = Debug|Any CPU
		{C3C5D549-B156-42AB-815D-7B340A22D8CB}.Release|Any CPU.ActiveCfg = Release|Any CPU
		{C3C5D549-B156-42AB-815D-7B340A22D8CB}.Release|Any CPU.Build.0 = Release|Any CPU
		{1331D710-B4F1-45CF-A2AE-18931A33CC67}.Debug|Any CPU.ActiveCfg = Debug|Any CPU
		{1331D710-B4F1-45CF-A2AE-18931A33CC67}.Debug|Any CPU.Build.0 = Debug|Any CPU
		{1331D710-B4F1-45CF-A2AE-18931A33CC67}.Release|Any CPU.ActiveCfg = Release|Any CPU
		{1331D710-B4F1-45CF-A2AE-18931A33CC67}.Release|Any CPU.Build.0 = Release|Any CPU
	EndGlobalSection
	GlobalSection(SolutionProperties) = preSolution
		HideSolutionNode = FALSE
	EndGlobalSection
	GlobalSection(ExtensibilityGlobals) = postSolution
		SolutionGuid = {0B79E550-ADD3-4A55-8326-6AC53B9B0C3A}
	EndGlobalSection
EndGlobal
